{
    "name": "3loka-test1",
    "version": "1.0.0",
    "description": "Desc",
    "keywords": [
        "example",
        "package",
        "tutorial"
    ],
    "homepage": "https://github.com/UserName/package-name",
    "bugs": {
        "url": "https://github.com/UserName/package-name/issues",
        "email": "your-public-email@example.com"
    },
    "main": "index.js",
    "scripts": {
        "test": "test.index.js",
        "build": "echo 'TODO'"
    },
    "repository": {
        "type": "git",
        "url": "https://github.com/UserName/package-name.git"
    },
    "author": "3loka",
    "license": "ISC",
    "private": false,
    "engines": {
        "node": ">=6.0.0"
    },
    "engineStrict": true
}